
Microsoft Visual Studio Solution File, Format Version 12.00
# Visual Studio Version 16
VisualStudioVersion = 16.0.30114.105
MinimumVisualStudioVersion = 10.0.40219.1
Project("{F2A71F9B-5D33-465A-A702-920D77279786}") = "aws", "aws\aws.fsproj", "{20EEB898-30EB-4E1C-AB65-55F93D481543}"
EndProject
Project("{F2A71F9B-5D33-465A-A702-920D77279786}") = "aws.tests", "aws.tests\aws.tests.fsproj", "{DCEEC12E-9640-4533-A8C4-FECA4707EF0C}"
EndProject
Global
	GlobalSection(SolutionConfigurationPlatforms) = preSolution
		Debug|Any CPU = Debug|Any CPU
		Debug|x64 = Debug|x64
		Debug|x86 = Debug|x86
		Release|Any CPU = Release|Any CPU
		Release|x64 = Release|x64
		Release|x86 = Release|x86
	EndGlobalSection
	GlobalSection(SolutionProperties) = preSolution
		HideSolutionNode = FALSE
	EndGlobalSection
	GlobalSection(ProjectConfigurationPlatforms) = postSolution
		{20EEB898-30EB-4E1C-AB65-55F93D481543}.Debug|Any CPU.ActiveCfg = Debug|Any CPU
		{20EEB898-30EB-4E1C-AB65-55F93D481543}.Debug|Any CPU.Build.0 = Debug|Any CPU
		{20EEB898-30EB-4E1C-AB65-55F93D481543}.Debug|x64.ActiveCfg = Debug|Any CPU
		{20EEB898-30EB-4E1C-AB65-55F93D481543}.Debug|x64.Build.0 = Debug|Any CPU
		{20EEB898-30EB-4E1C-AB65-55F93D481543}.Debug|x86.ActiveCfg = Debug|Any CPU
		{20EEB898-30EB-4E1C-AB65-55F93D481543}.Debug|x86.Build.0 = Debug|Any CPU
		{20EEB898-30EB-4E1C-AB65-55F93D481543}.Release|Any CPU.ActiveCfg = Release|Any CPU
		{20EEB898-30EB-4E1C-AB65-55F93D481543}.Release|Any CPU.Build.0 = Release|Any CPU
		{20EEB898-30EB-4E1C-AB65-55F93D481543}.Release|x64.ActiveCfg = Release|Any CPU
		{20EEB898-30EB-4E1C-AB65-55F93D481543}.Release|x64.Build.0 = Release|Any CPU
		{20EEB898-30EB-4E1C-AB65-55F93D481543}.Release|x86.ActiveCfg = Release|Any CPU
		{20EEB898-30EB-4E1C-AB65-55F93D481543}.Release|x86.Build.0 = Release|Any CPU
		{DCEEC12E-9640-4533-A8C4-FECA4707EF0C}.Debug|Any CPU.ActiveCfg = Debug|Any CPU
		{DCEEC12E-9640-4533-A8C4-FECA4707EF0C}.Debug|Any CPU.Build.0 = Debug|Any CPU
		{DCEEC12E-9640-4533-A8C4-FECA4707EF0C}.Debug|x64.ActiveCfg = Debug|Any CPU
		{DCEEC12E-9640-4533-A8C4-FECA4707EF0C}.Debug|x64.Build.0 = Debug|Any CPU
		{DCEEC12E-9640-4533-A8C4-FECA4707EF0C}.Debug|x86.ActiveCfg = Debug|Any CPU
		{DCEEC12E-9640-4533-A8C4-FECA4707EF0C}.Debug|x86.Build.0 = Debug|Any CPU
		{DCEEC12E-9640-4533-A8C4-FECA4707EF0C}.Release|Any CPU.ActiveCfg = Release|Any CPU
		{DCEEC12E-9640-4533-A8C4-FECA4707EF0C}.Release|Any CPU.Build.0 = Release|Any CPU
		{DCEEC12E-9640-4533-A8C4-FECA4707EF0C}.Release|x64.ActiveCfg = Release|Any CPU
		{DCEEC12E-9640-4533-A8C4-FECA4707EF0C}.Release|x64.Build.0 = Release|Any CPU
		{DCEEC12E-9640-4533-A8C4-FECA4707EF0C}.Release|x86.ActiveCfg = Release|Any CPU
		{DCEEC12E-9640-4533-A8C4-FECA4707EF0C}.Release|x86.Build.0 = Release|Any CPU
	EndGlobalSection
EndGlobal
